
Microsoft Visual Studio Solution File, Format Version 12.00
# Visual Studio Version 17
VisualStudioVersion = 17.8.34309.116
MinimumVisualStudioVersion = 10.0.40219.1
Project("{9A19103F-16F7-4668-BE54-9A1E7A4F7556}") = "Src", "Src\GourmetGateway.csproj", "{94087232-A3B9-4463-B6A1-A0701A205A2B}"
EndProject
Project("{FAE04EC0-301F-11D3-BF4B-00C04F79EFBC}") = "Tests", "Tests\GourmetGateway.Tests.csproj", "{DC4685B3-9457-49E5-864F-55D4B4A7ED68}"
EndProject
Global
	GlobalSection(SolutionConfigurationPlatforms) = preSolution
		Debug|Any CPU = Debug|Any CPU
		Release|Any CPU = Release|Any CPU
	EndGlobalSection
	GlobalSection(ProjectConfigurationPlatforms) = postSolution
		{94087232-A3B9-4463-B6A1-A0701A205A2B}.Debug|Any CPU.ActiveCfg = Debug|Any CPU
		{94087232-A3B9-4463-B6A1-A0701A205A2B}.Debug|Any CPU.Build.0 = Debug|Any CPU
		{94087232-A3B9-4463-B6A1-A0701A205A2B}.Release|Any CPU.ActiveCfg = Release|Any CPU
		{94087232-A3B9-4463-B6A1-A0701A205A2B}.Release|Any CPU.Build.0 = Release|Any CPU
		{DC4685B3-9457-49E5-864F-55D4B4A7ED68}.Debug|Any CPU.ActiveCfg = Debug|Any CPU
		{DC4685B3-9457-49E5-864F-55D4B4A7ED68}.Debug|Any CPU.Build.0 = Debug|Any CPU
		{DC4685B3-9457-49E5-864F-55D4B4A7ED68}.Release|Any CPU.ActiveCfg = Release|Any CPU
		{DC4685B3-9457-49E5-864F-55D4B4A7ED68}.Release|Any CPU.Build.0 = Release|Any CPU
		{3722A0C7-52CE-42C3-A00D-27BE6B55FDE6}.Debug|Any CPU.ActiveCfg = Debug|Any CPU
		{3722A0C7-52CE-42C3-A00D-27BE6B55FDE6}.Debug|Any CPU.Build.0 = Debug|Any CPU
		{3722A0C7-52CE-42C3-A00D-27BE6B55FDE6}.Debug|Any CPU.Deploy.0 = Debug|Any CPU
		{3722A0C7-52CE-42C3-A00D-27BE6B55FDE6}.Release|Any CPU.ActiveCfg = Release|Any CPU
		{3722A0C7-52CE-42C3-A00D-27BE6B55FDE6}.Release|Any CPU.Build.0 = Release|Any CPU
		{3722A0C7-52CE-42C3-A00D-27BE6B55FDE6}.Release|Any CPU.Deploy.0 = Release|Any CPU
	EndGlobalSection
	GlobalSection(SolutionProperties) = preSolution
		HideSolutionNode = FALSE
	EndGlobalSection
	GlobalSection(ExtensibilityGlobals) = postSolution
		SolutionGuid = {FB25D748-663B-4600-AA4E-2D40E0410344}
	EndGlobalSection
EndGlobal
